// !$*UTF8*$!
{
	archiveVersion = 1;
	classes = {
	};
	objectVersion = 56;
	objects = {

/* Begin PBXBuildFile section */
		2AC763722C5FEF00001E5E95 /* ToTheDoApp.swift in Sources */ = {isa = PBXBuildFile; fileRef = 2AC763712C5FEF00001E5E95 /* ToTheDoApp.swift */; };
		2AC763742C5FEF00001E5E95 /* ContentView.swift in Sources */ = {isa = PBXBuildFile; fileRef = 2AC763732C5FEF00001E5E95 /* ContentView.swift */; };
		2AC763762C5FEF02001E5E95 /* Assets.xcassets in Resources */ = {isa = PBXBuildFile; fileRef = 2AC763752C5FEF02001E5E95 /* Assets.xcassets */; };
		2AC763792C5FEF02001E5E95 /* Preview Assets.xcassets in Resources */ = {isa = PBXBuildFile; fileRef = 2AC763782C5FEF02001E5E95 /* Preview Assets.xcassets */; };
		2AC763832C5FEF03001E5E95 /* ToTheDoTests.swift in Sources */ = {isa = PBXBuildFile; fileRef = 2AC763822C5FEF03001E5E95 /* ToTheDoTests.swift */; };
		2AC7638D2C5FEF03001E5E95 /* ToTheDoUITests.swift in Sources */ = {isa = PBXBuildFile; fileRef = 2AC7638C2C5FEF03001E5E95 /* ToTheDoUITests.swift */; };
		2AC7638F2C5FEF03001E5E95 /* ToTheDoUITestsLaunchTests.swift in Sources */ = {isa = PBXBuildFile; fileRef = 2AC7638E2C5FEF03001E5E95 /* ToTheDoUITestsLaunchTests.swift */; };
/* End PBXBuildFile section */

/* Begin PBXContainerItemProxy section */
		2AC7637F2C5FEF03001E5E95 /* PBXContainerItemProxy */ = {
			isa = PBXContainerItemProxy;
			containerPortal = 2AC763662C5FEF00001E5E95 /* Project object */;
			proxyType = 1;
			remoteGlobalIDString = 2AC7636D2C5FEF00001E5E95;
			remoteInfo = ToTheDo;
		};
		2AC763892C5FEF03001E5E95 /* PBXContainerItemProxy */ = {
			isa = PBXContainerItemProxy;
			containerPortal = 2AC763662C5FEF00001E5E95 /* Project object */;
			proxyType = 1;
			remoteGlobalIDString = 2AC7636D2C5FEF00001E5E95;
			remoteInfo = ToTheDo;
		};
/* End PBXContainerItemProxy section */

/* Begin PBXFileReference section */
		2AC7636E2C5FEF00001E5E95 /* ToTheDo.app */ = {isa = PBXFileReference; explicitFileType = wrapper.application; includeInIndex = 0; path = ToTheDo.app; sourceTree = BUILT_PRODUCTS_DIR; };
		2AC763712C5FEF00001E5E95 /* ToTheDoApp.swift */ = {isa = PBXFileReference; lastKnownFileType = sourcecode.swift; path = ToTheDoApp.swift; sourceTree = "<group>"; };
		2AC763732C5FEF00001E5E95 /* ContentView.swift */ = {isa = PBXFileReference; lastKnownFileType = sourcecode.swift; path = ContentView.swift; sourceTree = "<group>"; };
		2AC763752C5FEF02001E5E95 /* Assets.xcassets */ = {isa = PBXFileReference; lastKnownFileType = folder.assetcatalog; path = Assets.xcassets; sourceTree = "<group>"; };
		2AC763782C5FEF02001E5E95 /* Preview Assets.xcassets */ = {isa = PBXFileReference; lastKnownFileType = folder.assetcatalog; path = "Preview Assets.xcassets"; sourceTree = "<group>"; };
		2AC7637E2C5FEF03001E5E95 /* ToTheDoTests.xctest */ = {isa = PBXFileReference; explicitFileType = wrapper.cfbundle; includeInIndex = 0; path = ToTheDoTests.xctest; sourceTree = BUILT_PRODUCTS_DIR; };
		2AC763822C5FEF03001E5E95 /* ToTheDoTests.swift */ = {isa = PBXFileReference; lastKnownFileType = sourcecode.swift; path = ToTheDoTests.swift; sourceTree = "<group>"; };
		2AC763882C5FEF03001E5E95 /* ToTheDoUITests.xctest */ = {isa = PBXFileReference; explicitFileType = wrapper.cfbundle; includeInIndex = 0; path = ToTheDoUITests.xctest; sourceTree = BUILT_PRODUCTS_DIR; };
		2AC7638C2C5FEF03001E5E95 /* ToTheDoUITests.swift */ = {isa = PBXFileReference; lastKnownFileType = sourcecode.swift; path = ToTheDoUITests.swift; sourceTree = "<group>"; };
		2AC7638E2C5FEF03001E5E95 /* ToTheDoUITestsLaunchTests.swift */ = {isa = PBXFileReference; lastKnownFileType = sourcecode.swift; path = ToTheDoUITestsLaunchTests.swift; sourceTree = "<group>"; };
/* End PBXFileReference section */

/* Begin PBXFrameworksBuildPhase section */
		2AC7636B2C5FEF00001E5E95 /* Frameworks */ = {
			isa = PBXFrameworksBuildPhase;
			buildActionMask = 2147483647;
			files = (
			);
			runOnlyForDeploymentPostprocessing = 0;
		};
		2AC7637B2C5FEF03001E5E95 /* Frameworks */ = {
			isa = PBXFrameworksBuildPhase;
			buildActionMask = 2147483647;
			files = (
			);
			runOnlyForDeploymentPostprocessing = 0;
		};
		2AC763852C5FEF03001E5E95 /* Frameworks */ = {
			isa = PBXFrameworksBuildPhase;
			buildActionMask = 2147483647;
			files = (
			);
			runOnlyForDeploymentPostprocessing = 0;
		};
/* End PBXFrameworksBuildPhase section */

/* Begin PBXGroup section */
		2AC763652C5FEF00001E5E95 = {
			isa = PBXGroup;
			children = (
				2AC763702C5FEF00001E5E95 /* ToTheDo */,
				2AC763812C5FEF03001E5E95 /* ToTheDoTests */,
				2AC7638B2C5FEF03001E5E95 /* ToTheDoUITests */,
				2AC7636F2C5FEF00001E5E95 /* Products */,
			);
			sourceTree = "<group>";
		};
		2AC7636F2C5FEF00001E5E95 /* Products */ = {
			isa = PBXGroup;
			children = (
				2AC7636E2C5FEF00001E5E95 /* ToTheDo.app */,
				2AC7637E2C5FEF03001E5E95 /* ToTheDoTests.xctest */,
				2AC763882C5FEF03001E5E95 /* ToTheDoUITests.xctest */,
			);
			name = Products;
			sourceTree = "<group>";
		};
		2AC763702C5FEF00001E5E95 /* ToTheDo */ = {
			isa = PBXGroup;
			children = (
				2AC763712C5FEF00001E5E95 /* ToTheDoApp.swift */,
				2AC763732C5FEF00001E5E95 /* ContentView.swift */,
				2AC763752C5FEF02001E5E95 /* Assets.xcassets */,
				2AC763772C5FEF02001E5E95 /* Preview Content */,
			);
			path = ToTheDo;
			sourceTree = "<group>";
		};
		2AC763772C5FEF02001E5E95 /* Preview Content */ = {
			isa = PBXGroup;
			children = (
				2AC763782C5FEF02001E5E95 /* Preview Assets.xcassets */,
			);
			path = "Preview Content";
			sourceTree = "<group>";
		};
		2AC763812C5FEF03001E5E95 /* ToTheDoTests */ = {
			isa = PBXGroup;
			children = (
				2AC763822C5FEF03001E5E95 /* ToTheDoTests.swift */,
			);
			path = ToTheDoTests;
			sourceTree = "<group>";
		};
		2AC7638B2C5FEF03001E5E95 /* ToTheDoUITests */ = {
			isa = PBXGroup;
			children = (
				2AC7638C2C5FEF03001E5E95 /* ToTheDoUITests.swift */,
				2AC7638E2C5FEF03001E5E95 /* ToTheDoUITestsLaunchTests.swift */,
			);
			path = ToTheDoUITests;
			sourceTree = "<group>";
		};
/* End PBXGroup section */

/* Begin PBXNativeTarget section */
		2AC7636D2C5FEF00001E5E95 /* ToTheDo */ = {
			isa = PBXNativeTarget;
			buildConfigurationList = 2AC763922C5FEF03001E5E95 /* Build configuration list for PBXNativeTarget "ToTheDo" */;
			buildPhases = (
				2AC7636A2C5FEF00001E5E95 /* Sources */,
				2AC7636B2C5FEF00001E5E95 /* Frameworks */,
				2AC7636C2C5FEF00001E5E95 /* Resources */,
			);
			buildRules = (
			);
			dependencies = (
			);
			name = ToTheDo;
			productName = ToTheDo;
			productReference = 2AC7636E2C5FEF00001E5E95 /* ToTheDo.app */;
			productType = "com.apple.product-type.application";
		};
		2AC7637D2C5FEF03001E5E95 /* ToTheDoTests */ = {
			isa = PBXNativeTarget;
			buildConfigurationList = 2AC763952C5FEF03001E5E95 /* Build configuration list for PBXNativeTarget "ToTheDoTests" */;
			buildPhases = (
				2AC7637A2C5FEF03001E5E95 /* Sources */,
				2AC7637B2C5FEF03001E5E95 /* Frameworks */,
				2AC7637C2C5FEF03001E5E95 /* Resources */,
			);
			buildRules = (
			);
			dependencies = (
				2AC763802C5FEF03001E5E95 /* PBXTargetDependency */,
			);
			name = ToTheDoTests;
			productName = ToTheDoTests;
			productReference = 2AC7637E2C5FEF03001E5E95 /* ToTheDoTests.xctest */;
			productType = "com.apple.product-type.bundle.unit-test";
		};
		2AC763872C5FEF03001E5E95 /* ToTheDoUITests */ = {
			isa = PBXNativeTarget;
			buildConfigurationList = 2AC763982C5FEF03001E5E95 /* Build configuration list for PBXNativeTarget "ToTheDoUITests" */;
			buildPhases = (
				2AC763842C5FEF03001E5E95 /* Sources */,
				2AC763852C5FEF03001E5E95 /* Frameworks */,
				2AC763862C5FEF03001E5E95 /* Resources */,
			);
			buildRules = (
			);
			dependencies = (
				2AC7638A2C5FEF03001E5E95 /* PBXTargetDependency */,
			);
			name = ToTheDoUITests;
			productName = ToTheDoUITests;
			productReference = 2AC763882C5FEF03001E5E95 /* ToTheDoUITests.xctest */;
			productType = "com.apple.product-type.bundle.ui-testing";
		};
/* End PBXNativeTarget section */

/* Begin PBXProject section */
		2AC763662C5FEF00001E5E95 /* Project object */ = {
			isa = PBXProject;
			attributes = {
				BuildIndependentTargetsInParallel = 1;
				LastSwiftUpdateCheck = 1540;
				LastUpgradeCheck = 1540;
				TargetAttributes = {
					2AC7636D2C5FEF00001E5E95 = {
						CreatedOnToolsVersion = 15.4;
					};
					2AC7637D2C5FEF03001E5E95 = {
						CreatedOnToolsVersion = 15.4;
						TestTargetID = 2AC7636D2C5FEF00001E5E95;
					};
					2AC763872C5FEF03001E5E95 = {
						CreatedOnToolsVersion = 15.4;
						TestTargetID = 2AC7636D2C5FEF00001E5E95;
					};
				};
			};
			buildConfigurationList = 2AC763692C5FEF00001E5E95 /* Build configuration list for PBXProject "ToTheDo" */;
			compatibilityVersion = "Xcode 14.0";
			developmentRegion = en;
			hasScannedForEncodings = 0;
			knownRegions = (
				en,
				Base,
			);
			mainGroup = 2AC763652C5FEF00001E5E95;
			productRefGroup = 2AC7636F2C5FEF00001E5E95 /* Products */;
			projectDirPath = "";
			projectRoot = "";
			targets = (
				2AC7636D2C5FEF00001E5E95 /* ToTheDo */,
				2AC7637D2C5FEF03001E5E95 /* ToTheDoTests */,
				2AC763872C5FEF03001E5E95 /* ToTheDoUITests */,
			);
		};
/* End PBXProject section */

/* Begin PBXResourcesBuildPhase section */
		2AC7636C2C5FEF00001E5E95 /* Resources */ = {
			isa = PBXResourcesBuildPhase;
			buildActionMask = 2147483647;
			files = (
				2AC763792C5FEF02001E5E95 /* Preview Assets.xcassets in Resources */,
				2AC763762C5FEF02001E5E95 /* Assets.xcassets in Resources */,
			);
			runOnlyForDeploymentPostprocessing = 0;
		};
		2AC7637C2C5FEF03001E5E95 /* Resources */ = {
			isa = PBXResourcesBuildPhase;
			buildActionMask = 2147483647;
			files = (
			);
			runOnlyForDeploymentPostprocessing = 0;
		};
		2AC763862C5FEF03001E5E95 /* Resources */ = {
			isa = PBXResourcesBuildPhase;
			buildActionMask = 2147483647;
			files = (
			);
			runOnlyForDeploymentPostprocessing = 0;
		};
/* End PBXResourcesBuildPhase section */

/* Begin PBXSourcesBuildPhase section */
		2AC7636A2C5FEF00001E5E95 /* Sources */ = {
			isa = PBXSourcesBuildPhase;
			buildActionMask = 2147483647;
			files = (
				2AC763742C5FEF00001E5E95 /* ContentView.swift in Sources */,
				2AC763722C5FEF00001E5E95 /* ToTheDoApp.swift in Sources */,
			);
			runOnlyForDeploymentPostprocessing = 0;
		};
		2AC7637A2C5FEF03001E5E95 /* Sources */ = {
			isa = PBXSourcesBuildPhase;
			buildActionMask = 2147483647;
			files = (
				2AC763832C5FEF03001E5E95 /* ToTheDoTests.swift in Sources */,
			);
			runOnlyForDeploymentPostprocessing = 0;
		};
		2AC763842C5FEF03001E5E95 /* Sources */ = {
			isa = PBXSourcesBuildPhase;
			buildActionMask = 2147483647;
			files = (
				2AC7638F2C5FEF03001E5E95 /* ToTheDoUITestsLaunchTests.swift in Sources */,
				2AC7638D2C5FEF03001E5E95 /* ToTheDoUITests.swift in Sources */,
			);
			runOnlyForDeploymentPostprocessing = 0;
		};
/* End PBXSourcesBuildPhase section */

/* Begin PBXTargetDependency section */
		2AC763802C5FEF03001E5E95 /* PBXTargetDependency */ = {
			isa = PBXTargetDependency;
			target = 2AC7636D2C5FEF00001E5E95 /* ToTheDo */;
			targetProxy = 2AC7637F2C5FEF03001E5E95 /* PBXContainerItemProxy */;
		};
		2AC7638A2C5FEF03001E5E95 /* PBXTargetDependency */ = {
			isa = PBXTargetDependency;
			target = 2AC7636D2C5FEF00001E5E95 /* ToTheDo */;
			targetProxy = 2AC763892C5FEF03001E5E95 /* PBXContainerItemProxy */;
		};
/* End PBXTargetDependency section */

/* Begin XCBuildConfiguration section */
		2AC763902C5FEF03001E5E95 /* Debug */ = {
			isa = XCBuildConfiguration;
			buildSettings = {
				ALWAYS_SEARCH_USER_PATHS = NO;
				ASSETCATALOG_COMPILER_GENERATE_SWIFT_ASSET_SYMBOL_EXTENSIONS = YES;
				CLANG_ANALYZER_NONNULL = YES;
				CLANG_ANALYZER_NUMBER_OBJECT_CONVERSION = YES_AGGRESSIVE;
				CLANG_CXX_LANGUAGE_STANDARD = "gnu++20";
				CLANG_ENABLE_MODULES = YES;
				CLANG_ENABLE_OBJC_ARC = YES;
				CLANG_ENABLE_OBJC_WEAK = YES;
				CLANG_WARN_BLOCK_CAPTURE_AUTORELEASING = YES;
				CLANG_WARN_BOOL_CONVERSION = YES;
				CLANG_WARN_COMMA = YES;
				CLANG_WARN_CONSTANT_CONVERSION = YES;
				CLANG_WARN_DEPRECATED_OBJC_IMPLEMENTATIONS = YES;
				CLANG_WARN_DIRECT_OBJC_ISA_USAGE = YES_ERROR;
				CLANG_WARN_DOCUMENTATION_COMMENTS = YES;
				CLANG_WARN_EMPTY_BODY = YES;
				CLANG_WARN_ENUM_CONVERSION = YES;
				CLANG_WARN_INFINITE_RECURSION = YES;
				CLANG_WARN_INT_CONVERSION = YES;
				CLANG_WARN_NON_LITERAL_NULL_CONVERSION = YES;
				CLANG_WARN_OBJC_IMPLICIT_RETAIN_SELF = YES;
				CLANG_WARN_OBJC_LITERAL_CONVERSION = YES;
				CLANG_WARN_OBJC_ROOT_CLASS = YES_ERROR;
				CLANG_WARN_QUOTED_INCLUDE_IN_FRAMEWORK_HEADER = YES;
				CLANG_WARN_RANGE_LOOP_ANALYSIS = YES;
				CLANG_WARN_STRICT_PROTOTYPES = YES;
				CLANG_WARN_SUSPICIOUS_MOVE = YES;
				CLANG_WARN_UNGUARDED_AVAILABILITY = YES_AGGRESSIVE;
				CLANG_WARN_UNREACHABLE_CODE = YES;
				CLANG_WARN__DUPLICATE_METHOD_MATCH = YES;
				COPY_PHASE_STRIP = NO;
				DEBUG_INFORMATION_FORMAT = dwarf;
				ENABLE_STRICT_OBJC_MSGSEND = YES;
				ENABLE_TESTABILITY = YES;
				ENABLE_USER_SCRIPT_SANDBOXING = YES;
				GCC_C_LANGUAGE_STANDARD = gnu17;
				GCC_DYNAMIC_NO_PIC = NO;
				GCC_NO_COMMON_BLOCKS = YES;
				GCC_OPTIMIZATION_LEVEL = 0;
				GCC_PREPROCESSOR_DEFINITIONS = (
					"DEBUG=1",
					"$(inherited)",
				);
				GCC_WARN_64_TO_32_BIT_CONVERSION = YES;
				GCC_WARN_ABOUT_RETURN_TYPE = YES_ERROR;
				GCC_WARN_UNDECLARED_SELECTOR = YES;
				GCC_WARN_UNINITIALIZED_AUTOS = YES_AGGRESSIVE;
				GCC_WARN_UNUSED_FUNCTION = YES;
				GCC_WARN_UNUSED_VARIABLE = YES;
				IPHONEOS_DEPLOYMENT_TARGET = 17.5;
				LOCALIZATION_PREFERS_STRING_CATALOGS = YES;
				MTL_ENABLE_DEBUG_INFO = INCLUDE_SOURCE;
				MTL_FAST_MATH = YES;
				ONLY_ACTIVE_ARCH = YES;
				SDKROOT = iphoneos;
				SWIFT_ACTIVE_COMPILATION_CONDITIONS = "DEBUG $(inherited)";
				SWIFT_OPTIMIZATION_LEVEL = "-Onone";
			};
			name = Debug;
		};
		2AC763912C5FEF03001E5E95 /* Release */ = {
			isa = XCBuildConfiguration;
			buildSettings = {
				ALWAYS_SEARCH_USER_PATHS = NO;
				ASSETCATALOG_COMPILER_GENERATE_SWIFT_ASSET_SYMBOL_EXTENSIONS = YES;
				CLANG_ANALYZER_NONNULL = YES;
				CLANG_ANALYZER_NUMBER_OBJECT_CONVERSION = YES_AGGRESSIVE;
				CLANG_CXX_LANGUAGE_STANDARD = "gnu++20";
				CLANG_ENABLE_MODULES = YES;
				CLANG_ENABLE_OBJC_ARC = YES;
				CLANG_ENABLE_OBJC_WEAK = YES;
				CLANG_WARN_BLOCK_CAPTURE_AUTORELEASING = YES;
				CLANG_WARN_BOOL_CONVERSION = YES;
				CLANG_WARN_COMMA = YES;
				CLANG_WARN_CONSTANT_CONVERSION = YES;
				CLANG_WARN_DEPRECATED_OBJC_IMPLEMENTATIONS = YES;
				CLANG_WARN_DIRECT_OBJC_ISA_USAGE = YES_ERROR;
				CLANG_WARN_DOCUMENTATION_COMMENTS = YES;
				CLANG_WARN_EMPTY_BODY = YES;
				CLANG_WARN_ENUM_CONVERSION = YES;
				CLANG_WARN_INFINITE_RECURSION = YES;
				CLANG_WARN_INT_CONVERSION = YES;
				CLANG_WARN_NON_LITERAL_NULL_CONVERSION = YES;
				CLANG_WARN_OBJC_IMPLICIT_RETAIN_SELF = YES;
				CLANG_WARN_OBJC_LITERAL_CONVERSION = YES;
				CLANG_WARN_OBJC_ROOT_CLASS = YES_ERROR;
				CLANG_WARN_QUOTED_INCLUDE_IN_FRAMEWORK_HEADER = YES;
				CLANG_WARN_RANGE_LOOP_ANALYSIS = YES;
				CLANG_WARN_STRICT_PROTOTYPES = YES;
				CLANG_WARN_SUSPICIOUS_MOVE = YES;
				CLANG_WARN_UNGUARDED_AVAILABILITY = YES_AGGRESSIVE;
				CLANG_WARN_UNREACHABLE_CODE = YES;
				CLANG_WARN__DUPLICATE_METHOD_MATCH = YES;
				COPY_PHASE_STRIP = NO;
				DEBUG_INFORMATION_FORMAT = "dwarf-with-dsym";
				ENABLE_NS_ASSERTIONS = NO;
				ENABLE_STRICT_OBJC_MSGSEND = YES;
				ENABLE_USER_SCRIPT_SANDBOXING = YES;
				GCC_C_LANGUAGE_STANDARD = gnu17;
				GCC_NO_COMMON_BLOCKS = YES;
				GCC_WARN_64_TO_32_BIT_CONVERSION = YES;
				GCC_WARN_ABOUT_RETURN_TYPE = YES_ERROR;
				GCC_WARN_UNDECLARED_SELECTOR = YES;
				GCC_WARN_UNINITIALIZED_AUTOS = YES_AGGRESSIVE;
				GCC_WARN_UNUSED_FUNCTION = YES;
				GCC_WARN_UNUSED_VARIABLE = YES;
				IPHONEOS_DEPLOYMENT_TARGET = 17.5;
				LOCALIZATION_PREFERS_STRING_CATALOGS = YES;
				MTL_ENABLE_DEBUG_INFO = NO;
				MTL_FAST_MATH = YES;
				SDKROOT = iphoneos;
				SWIFT_COMPILATION_MODE = wholemodule;
				VALIDATE_PRODUCT = YES;
			};
			name = Release;
		};
		2AC763932C5FEF03001E5E95 /* Debug */ = {
			isa = XCBuildConfiguration;
			buildSettings = {
				ASSETCATALOG_COMPILER_APPICON_NAME = AppIcon;
				ASSETCATALOG_COMPILER_GLOBAL_ACCENT_COLOR_NAME = AccentColor;
				CODE_SIGN_STYLE = Automatic;
				CURRENT_PROJECT_VERSION = 1;
				DEVELOPMENT_ASSET_PATHS = "\"ToTheDo/Preview Content\"";
				DEVELOPMENT_TEAM = 298DAN3986;
				ENABLE_PREVIEWS = YES;
				GENERATE_INFOPLIST_FILE = YES;
				INFOPLIST_KEY_UIApplicationSceneManifest_Generation = YES;
				INFOPLIST_KEY_UIApplicationSupportsIndirectInputEvents = YES;
				INFOPLIST_KEY_UILaunchScreen_Generation = YES;
				INFOPLIST_KEY_UISupportedInterfaceOrientations_iPad = "UIInterfaceOrientationPortrait UIInterfaceOrientationPortraitUpsideDown UIInterfaceOrientationLandscapeLeft UIInterfaceOrientationLandscapeRight";
				INFOPLIST_KEY_UISupportedInterfaceOrientations_iPhone = "UIInterfaceOrientationPortrait UIInterfaceOrientationLandscapeLeft UIInterfaceOrientationLandscapeRight";
				LD_RUNPATH_SEARCH_PATHS = (
					"$(inherited)",
					"@executable_path/Frameworks",
				);
				MARKETING_VERSION = 1.0;
				PRODUCT_BUNDLE_IDENTIFIER = kaidev.ToTheDo;
				PRODUCT_NAME = "$(TARGET_NAME)";
				SWIFT_EMIT_LOC_STRINGS = YES;
				SWIFT_VERSION = 5.0;
				TARGETED_DEVICE_FAMILY = "1,2";
			};
			name = Debug;
		};
		2AC763942C5FEF03001E5E95 /* Release */ = {
			isa = XCBuildConfiguration;
			buildSettings = {
				ASSETCATALOG_COMPILER_APPICON_NAME = AppIcon;
				ASSETCATALOG_COMPILER_GLOBAL_ACCENT_COLOR_NAME = AccentColor;
				CODE_SIGN_STYLE = Automatic;
				CURRENT_PROJECT_VERSION = 1;
				DEVELOPMENT_ASSET_PATHS = "\"ToTheDo/Preview Content\"";
				DEVELOPMENT_TEAM = 298DAN3986;
				ENABLE_PREVIEWS = YES;
				GENERATE_INFOPLIST_FILE = YES;
				INFOPLIST_KEY_UIApplicationSceneManifest_Generation = YES;
				INFOPLIST_KEY_UIApplicationSupportsIndirectInputEvents = YES;
				INFOPLIST_KEY_UILaunchScreen_Generation = YES;
				INFOPLIST_KEY_UISupportedInterfaceOrientations_iPad = "UIInterfaceOrientationPortrait UIInterfaceOrientationPortraitUpsideDown UIInterfaceOrientationLandscapeLeft UIInterfaceOrientationLandscapeRight";
				INFOPLIST_KEY_UISupportedInterfaceOrientations_iPhone = "UIInterfaceOrientationPortrait UIInterfaceOrientationLandscapeLeft UIInterfaceOrientationLandscapeRight";
				LD_RUNPATH_SEARCH_PATHS = (
					"$(inherited)",
					"@executable_path/Frameworks",
				);
				MARKETING_VERSION = 1.0;
				PRODUCT_BUNDLE_IDENTIFIER = kaidev.ToTheDo;
				PRODUCT_NAME = "$(TARGET_NAME)";
				SWIFT_EMIT_LOC_STRINGS = YES;
				SWIFT_VERSION = 5.0;
				TARGETED_DEVICE_FAMILY = "1,2";
			};
			name = Release;
		};
		2AC763962C5FEF03001E5E95 /* Debug */ = {
			isa = XCBuildConfiguration;
			buildSettings = {
				ALWAYS_EMBED_SWIFT_STANDARD_LIBRARIES = YES;
				BUNDLE_LOADER = "$(TEST_HOST)";
				CODE_SIGN_STYLE = Automatic;
				CURRENT_PROJECT_VERSION = 1;
				DEVELOPMENT_TEAM = 298DAN3986;
				GENERATE_INFOPLIST_FILE = YES;
				IPHONEOS_DEPLOYMENT_TARGET = 17.5;
				MARKETING_VERSION = 1.0;
				PRODUCT_BUNDLE_IDENTIFIER = kaidev.ToTheDoTests;
				PRODUCT_NAME = "$(TARGET_NAME)";
				SWIFT_EMIT_LOC_STRINGS = NO;
				SWIFT_VERSION = 5.0;
				TARGETED_DEVICE_FAMILY = "1,2";
				TEST_HOST = "$(BUILT_PRODUCTS_DIR)/ToTheDo.app/$(BUNDLE_EXECUTABLE_FOLDER_PATH)/ToTheDo";
			};
			name = Debug;
		};
		2AC763972C5FEF03001E5E95 /* Release */ = {
			isa = XCBuildConfiguration;
			buildSettings = {
				ALWAYS_EMBED_SWIFT_STANDARD_LIBRARIES = YES;
				BUNDLE_LOADER = "$(TEST_HOST)";
				CODE_SIGN_STYLE = Automatic;
				CURRENT_PROJECT_VERSION = 1;
				DEVELOPMENT_TEAM = 298DAN3986;
				GENERATE_INFOPLIST_FILE = YES;
				IPHONEOS_DEPLOYMENT_TARGET = 17.5;
				MARKETING_VERSION = 1.0;
				PRODUCT_BUNDLE_IDENTIFIER = kaidev.ToTheDoTests;
				PRODUCT_NAME = "$(TARGET_NAME)";
				SWIFT_EMIT_LOC_STRINGS = NO;
				SWIFT_VERSION = 5.0;
				TARGETED_DEVICE_FAMILY = "1,2";
				TEST_HOST = "$(BUILT_PRODUCTS_DIR)/ToTheDo.app/$(BUNDLE_EXECUTABLE_FOLDER_PATH)/ToTheDo";
			};
			name = Release;
		};
		2AC763992C5FEF03001E5E95 /* Debug */ = {
			isa = XCBuildConfiguration;
			buildSettings = {
				ALWAYS_EMBED_SWIFT_STANDARD_LIBRARIES = YES;
				CODE_SIGN_STYLE = Automatic;
				CURRENT_PROJECT_VERSION = 1;
				DEVELOPMENT_TEAM = 298DAN3986;
				GENERATE_INFOPLIST_FILE = YES;
				MARKETING_VERSION = 1.0;
				PRODUCT_BUNDLE_IDENTIFIER = kaidev.ToTheDoUITests;
				PRODUCT_NAME = "$(TARGET_NAME)";
				SWIFT_EMIT_LOC_STRINGS = NO;
				SWIFT_VERSION = 5.0;
				TARGETED_DEVICE_FAMILY = "1,2";
				TEST_TARGET_NAME = ToTheDo;
			};
			name = Debug;
		};
		2AC7639A2C5FEF03001E5E95 /* Release */ = {
			isa = XCBuildConfiguration;
			buildSettings = {
				ALWAYS_EMBED_SWIFT_STANDARD_LIBRARIES = YES;
				CODE_SIGN_STYLE = Automatic;
				CURRENT_PROJECT_VERSION = 1;
				DEVELOPMENT_TEAM = 298DAN3986;
				GENERATE_INFOPLIST_FILE = YES;
				MARKETING_VERSION = 1.0;
				PRODUCT_BUNDLE_IDENTIFIER = kaidev.ToTheDoUITests;
				PRODUCT_NAME = "$(TARGET_NAME)";
				SWIFT_EMIT_LOC_STRINGS = NO;
				SWIFT_VERSION = 5.0;
				TARGETED_DEVICE_FAMILY = "1,2";
				TEST_TARGET_NAME = ToTheDo;
			};
			name = Release;
		};
/* End XCBuildConfiguration section */

/* Begin XCConfigurationList section */
		2AC763692C5FEF00001E5E95 /* Build configuration list for PBXProject "ToTheDo" */ = {
			isa = XCConfigurationList;
			buildConfigurations = (
				2AC763902C5FEF03001E5E95 /* Debug */,
				2AC763912C5FEF03001E5E95 /* Release */,
			);
			defaultConfigurationIsVisible = 0;
			defaultConfigurationName = Release;
		};
		2AC763922C5FEF03001E5E95 /* Build configuration list for PBXNativeTarget "ToTheDo" */ = {
			isa = XCConfigurationList;
			buildConfigurations = (
				2AC763932C5FEF03001E5E95 /* Debug */,
				2AC763942C5FEF03001E5E95 /* Release */,
			);
			defaultConfigurationIsVisible = 0;
			defaultConfigurationName = Release;
		};
		2AC763952C5FEF03001E5E95 /* Build configuration list for PBXNativeTarget "ToTheDoTests" */ = {
			isa = XCConfigurationList;
			buildConfigurations = (
				2AC763962C5FEF03001E5E95 /* Debug */,
				2AC763972C5FEF03001E5E95 /* Release */,
			);
			defaultConfigurationIsVisible = 0;
			defaultConfigurationName = Release;
		};
		2AC763982C5FEF03001E5E95 /* Build configuration list for PBXNativeTarget "ToTheDoUITests" */ = {
			isa = XCConfigurationList;
			buildConfigurations = (
				2AC763992C5FEF03001E5E95 /* Debug */,
				2AC7639A2C5FEF03001E5E95 /* Release */,
			);
			defaultConfigurationIsVisible = 0;
			defaultConfigurationName = Release;
		};
/* End XCConfigurationList section */
	};
	rootObject = 2AC763662C5FEF00001E5E95 /* Project object */;
}
